
Microsoft Visual Studio Solution File, Format Version 12.00
# Visual Studio Version 16
VisualStudioVersion = 16.0.30309.148
MinimumVisualStudioVersion = 10.0.40219.1
Project("{FAE04EC0-301F-11D3-BF4B-00C04F79EFBC}") = "MvcValidationSample", "MvcValidationSample\MvcValidationSample.csproj", "{5ACE1065-FC75-40E7-A8BE-3DAF3F5453B0}"
EndProject
Global
	GlobalSection(SolutionConfigurationPlatforms) = preSolution
		Debug|Any CPU = Debug|Any CPU
		Release|Any CPU = Release|Any CPU
	EndGlobalSection
	GlobalSection(ProjectConfigurationPlatforms) = postSolution
		{5ACE1065-FC75-40E7-A8BE-3DAF3F5453B0}.Debug|Any CPU.ActiveCfg = Debug|Any CPU
		{5ACE1065-FC75-40E7-A8BE-3DAF3F5453B0}.Debug|Any CPU.Build.0 = Debug|Any CPU
		{5ACE1065-FC75-40E7-A8BE-3DAF3F5453B0}.Release|Any CPU.ActiveCfg = Release|Any CPU
		{5ACE1065-FC75-40E7-A8BE-3DAF3F5453B0}.Release|Any CPU.Build.0 = Release|Any CPU
	EndGlobalSection
	GlobalSection(SolutionProperties) = preSolution
		HideSolutionNode = FALSE
	EndGlobalSection
	GlobalSection(ExtensibilityGlobals) = postSolution
		SolutionGuid = {02415540-4F4F-4EBD-B862-3CE894D052ED}
	EndGlobalSection
EndGlobal
